
Microsoft Visual Studio Solution File, Format Version 12.00
# Visual Studio Version 17
VisualStudioVersion = 17.0.32014.148
MinimumVisualStudioVersion = 10.0.40219.1
Project("{2150E333-8FDC-42A3-9474-1A3956D46DE8}") = "ShaderLab", "ShaderLab", "{10ADF049-11EE-4BCF-B386-2DFDD40C2DE2}"
EndProject
Project("{9A19103F-16F7-4668-BE54-9A1E7A4F7556}") = "SharpX.ShaderLab.Primitives", "SharpX.ShaderLab.Primitives\SharpX.ShaderLab.Primitives.csproj", "{0EC19721-29F5-4F28-876C-1536BD5EBB57}"
EndProject
EndProject
Project("{2150E333-8FDC-42A3-9474-1A3956D46DE8}") = "HLSL", "HLSL", "{068E62EC-32D6-40AA-9833-48B8856220F9}"
EndProject
Project("{9A19103F-16F7-4668-BE54-9A1E7A4F7556}") = "SharpX.CLI", "SharpX.CLI\SharpX.CLI.csproj", "{0ED1A8A4-D118-4B9F-BF0E-C36B0560946B}"
EndProject
Project("{2150E333-8FDC-42A3-9474-1A3956D46DE8}") = "Backend", "Backend", "{FD3AE8CF-4A6E-4AFA-9D1C-2A3439ACE076}"
EndProject
Project("{9A19103F-16F7-4668-BE54-9A1E7A4F7556}") = "SharpX.Core", "SharpX.Core\SharpX.Core.csproj", "{F979EF91-74D2-4198-9347-555B5FF72F6B}"
EndProject
Project("{9A19103F-16F7-4668-BE54-9A1E7A4F7556}") = "SharpX.Hlsl", "SharpX.Hlsl\SharpX.Hlsl.csproj", "{AC094771-07CE-498F-936B-3B73335FA1C4}"
EndProject
Project("{9A19103F-16F7-4668-BE54-9A1E7A4F7556}") = "SharpX.Compiler", "SharpX.Compiler\SharpX.Compiler.csproj", "{95D4DF2A-5EA8-4C5A-B5D7-E74956989321}"
EndProject
Project("{9A19103F-16F7-4668-BE54-9A1E7A4F7556}") = "SharpX.Hlsl.CSharp", "SharpX.Hlsl.CSharp\SharpX.Hlsl.CSharp.csproj", "{5A495037-7786-4275-82DA-C63DFAB41C4D}"
EndProject
Project("{9A19103F-16F7-4668-BE54-9A1E7A4F7556}") = "SharpX.Composition", "SharpX.Composition\SharpX.Composition.csproj", "{812BE8B5-A734-44D9-B918-898CF78A2A89}"
EndProject
Project("{9A19103F-16F7-4668-BE54-9A1E7A4F7556}") = "SharpX.Hlsl.Primitives", "SharpX.Hlsl.Primitives\SharpX.Hlsl.Primitives.csproj", "{D7785F1C-D3BA-4AB3-8B5F-45017A810E23}"
EndProject
Project("{9A19103F-16F7-4668-BE54-9A1E7A4F7556}") = "SharpX.Hlsl.SourceGenerator", "SharpX.Hlsl.SourceGenerator\SharpX.Hlsl.SourceGenerator.csproj", "{F607D5ED-8186-4F54-92CD-2DACF744CFC9}"
EndProject
Global
	GlobalSection(SolutionConfigurationPlatforms) = preSolution
		Debug|Any CPU = Debug|Any CPU
		Release|Any CPU = Release|Any CPU
	EndGlobalSection
	GlobalSection(ProjectConfigurationPlatforms) = postSolution
		{0EC19721-29F5-4F28-876C-1536BD5EBB57}.Debug|Any CPU.ActiveCfg = Debug|Any CPU
		{0EC19721-29F5-4F28-876C-1536BD5EBB57}.Debug|Any CPU.Build.0 = Debug|Any CPU
		{0EC19721-29F5-4F28-876C-1536BD5EBB57}.Release|Any CPU.ActiveCfg = Release|Any CPU
		{0EC19721-29F5-4F28-876C-1536BD5EBB57}.Release|Any CPU.Build.0 = Release|Any CPU
		{0ED1A8A4-D118-4B9F-BF0E-C36B0560946B}.Debug|Any CPU.ActiveCfg = Debug|Any CPU
		{0ED1A8A4-D118-4B9F-BF0E-C36B0560946B}.Debug|Any CPU.Build.0 = Debug|Any CPU
		{0ED1A8A4-D118-4B9F-BF0E-C36B0560946B}.Release|Any CPU.ActiveCfg = Release|Any CPU
		{0ED1A8A4-D118-4B9F-BF0E-C36B0560946B}.Release|Any CPU.Build.0 = Release|Any CPU
		{F979EF91-74D2-4198-9347-555B5FF72F6B}.Debug|Any CPU.ActiveCfg = Debug|Any CPU
		{F979EF91-74D2-4198-9347-555B5FF72F6B}.Debug|Any CPU.Build.0 = Debug|Any CPU
		{F979EF91-74D2-4198-9347-555B5FF72F6B}.Release|Any CPU.ActiveCfg = Release|Any CPU
		{F979EF91-74D2-4198-9347-555B5FF72F6B}.Release|Any CPU.Build.0 = Release|Any CPU
		{AC094771-07CE-498F-936B-3B73335FA1C4}.Debug|Any CPU.ActiveCfg = Debug|Any CPU
		{AC094771-07CE-498F-936B-3B73335FA1C4}.Debug|Any CPU.Build.0 = Debug|Any CPU
		{AC094771-07CE-498F-936B-3B73335FA1C4}.Release|Any CPU.ActiveCfg = Release|Any CPU
		{AC094771-07CE-498F-936B-3B73335FA1C4}.Release|Any CPU.Build.0 = Release|Any CPU
		{95D4DF2A-5EA8-4C5A-B5D7-E74956989321}.Debug|Any CPU.ActiveCfg = Debug|Any CPU
		{95D4DF2A-5EA8-4C5A-B5D7-E74956989321}.Debug|Any CPU.Build.0 = Debug|Any CPU
		{95D4DF2A-5EA8-4C5A-B5D7-E74956989321}.Release|Any CPU.ActiveCfg = Release|Any CPU
		{95D4DF2A-5EA8-4C5A-B5D7-E74956989321}.Release|Any CPU.Build.0 = Release|Any CPU
		{5A495037-7786-4275-82DA-C63DFAB41C4D}.Debug|Any CPU.ActiveCfg = Debug|Any CPU
		{5A495037-7786-4275-82DA-C63DFAB41C4D}.Debug|Any CPU.Build.0 = Debug|Any CPU
		{5A495037-7786-4275-82DA-C63DFAB41C4D}.Release|Any CPU.ActiveCfg = Release|Any CPU
		{5A495037-7786-4275-82DA-C63DFAB41C4D}.Release|Any CPU.Build.0 = Release|Any CPU
		{812BE8B5-A734-44D9-B918-898CF78A2A89}.Debug|Any CPU.ActiveCfg = Debug|Any CPU
		{812BE8B5-A734-44D9-B918-898CF78A2A89}.Debug|Any CPU.Build.0 = Debug|Any CPU
		{812BE8B5-A734-44D9-B918-898CF78A2A89}.Release|Any CPU.ActiveCfg = Release|Any CPU
		{812BE8B5-A734-44D9-B918-898CF78A2A89}.Release|Any CPU.Build.0 = Release|Any CPU
		{D7785F1C-D3BA-4AB3-8B5F-45017A810E23}.Debug|Any CPU.ActiveCfg = Debug|Any CPU
		{D7785F1C-D3BA-4AB3-8B5F-45017A810E23}.Debug|Any CPU.Build.0 = Debug|Any CPU
		{D7785F1C-D3BA-4AB3-8B5F-45017A810E23}.Release|Any CPU.ActiveCfg = Release|Any CPU
		{D7785F1C-D3BA-4AB3-8B5F-45017A810E23}.Release|Any CPU.Build.0 = Release|Any CPU
		{F607D5ED-8186-4F54-92CD-2DACF744CFC9}.Debug|Any CPU.ActiveCfg = Debug|Any CPU
		{F607D5ED-8186-4F54-92CD-2DACF744CFC9}.Debug|Any CPU.Build.0 = Debug|Any CPU
		{F607D5ED-8186-4F54-92CD-2DACF744CFC9}.Release|Any CPU.ActiveCfg = Release|Any CPU
		{F607D5ED-8186-4F54-92CD-2DACF744CFC9}.Release|Any CPU.Build.0 = Release|Any CPU
	EndGlobalSection
	GlobalSection(SolutionProperties) = preSolution
		HideSolutionNode = FALSE
	EndGlobalSection
	GlobalSection(NestedProjects) = preSolution
		{10ADF049-11EE-4BCF-B386-2DFDD40C2DE2} = {FD3AE8CF-4A6E-4AFA-9D1C-2A3439ACE076}
		{0EC19721-29F5-4F28-876C-1536BD5EBB57} = {10ADF049-11EE-4BCF-B386-2DFDD40C2DE2}
		{068E62EC-32D6-40AA-9833-48B8856220F9} = {FD3AE8CF-4A6E-4AFA-9D1C-2A3439ACE076}
		{AC094771-07CE-498F-936B-3B73335FA1C4} = {068E62EC-32D6-40AA-9833-48B8856220F9}
		{5A495037-7786-4275-82DA-C63DFAB41C4D} = {068E62EC-32D6-40AA-9833-48B8856220F9}
		{D7785F1C-D3BA-4AB3-8B5F-45017A810E23} = {068E62EC-32D6-40AA-9833-48B8856220F9}
		{F607D5ED-8186-4F54-92CD-2DACF744CFC9} = {068E62EC-32D6-40AA-9833-48B8856220F9}
	EndGlobalSection
	GlobalSection(ExtensibilityGlobals) = postSolution
		SolutionGuid = {A4947C43-2DC8-411A-9E52-69E6E5C334D8}
	EndGlobalSection
EndGlobal
