
Microsoft Visual Studio Solution File, Format Version 12.00
# Visual Studio Version 17
VisualStudioVersion = 17.0.32014.148
MinimumVisualStudioVersion = 10.0.40219.1
Project("{2150E333-8FDC-42A3-9474-1A3956D46DE8}") = "ShaderLab", "ShaderLab", "{10ADF049-11EE-4BCF-B386-2DFDD40C2DE2}"
EndProject
Project("{9A19103F-16F7-4668-BE54-9A1E7A4F7556}") = "SharpX.ShaderLab.Primitives", "ShaderLab\SharpX.ShaderLab.Primitives\SharpX.ShaderLab.Primitives.csproj", "{0EC19721-29F5-4F28-876C-1536BD5EBB57}"
EndProject
Project("{2150E333-8FDC-42A3-9474-1A3956D46DE8}") = "HLSL", "HLSL", "{068E62EC-32D6-40AA-9833-48B8856220F9}"
EndProject
Project("{9A19103F-16F7-4668-BE54-9A1E7A4F7556}") = "SharpX.CLI", "SharpX.CLI\SharpX.CLI.csproj", "{0ED1A8A4-D118-4B9F-BF0E-C36B0560946B}"
EndProject
Project("{2150E333-8FDC-42A3-9474-1A3956D46DE8}") = "Backend", "Backend", "{FD3AE8CF-4A6E-4AFA-9D1C-2A3439ACE076}"
EndProject
Project("{9A19103F-16F7-4668-BE54-9A1E7A4F7556}") = "SharpX.Core", "SharpX.Core\SharpX.Core.csproj", "{F979EF91-74D2-4198-9347-555B5FF72F6B}"
EndProject
Project("{9A19103F-16F7-4668-BE54-9A1E7A4F7556}") = "SharpX.Hlsl", "Hlsl\SharpX.Hlsl\SharpX.Hlsl.csproj", "{AC094771-07CE-498F-936B-3B73335FA1C4}"
EndProject
Project("{9A19103F-16F7-4668-BE54-9A1E7A4F7556}") = "SharpX.Compiler", "SharpX.Compiler\SharpX.Compiler.csproj", "{95D4DF2A-5EA8-4C5A-B5D7-E74956989321}"
EndProject
Project("{9A19103F-16F7-4668-BE54-9A1E7A4F7556}") = "SharpX.Hlsl.CSharp", "Hlsl\SharpX.Hlsl.CSharp\SharpX.Hlsl.CSharp.csproj", "{5A495037-7786-4275-82DA-C63DFAB41C4D}"
EndProject
Project("{9A19103F-16F7-4668-BE54-9A1E7A4F7556}") = "SharpX.Composition", "SharpX.Composition\SharpX.Composition.csproj", "{812BE8B5-A734-44D9-B918-898CF78A2A89}"
EndProject
Project("{9A19103F-16F7-4668-BE54-9A1E7A4F7556}") = "SharpX.Hlsl.SourceGenerator", "Hlsl\SharpX.Hlsl.SourceGenerator\SharpX.Hlsl.SourceGenerator.csproj", "{F607D5ED-8186-4F54-92CD-2DACF744CFC9}"
EndProject
Project("{9A19103F-16F7-4668-BE54-9A1E7A4F7556}") = "SharpX.ShaderLab.CSharp", "ShaderLab\SharpX.ShaderLab.CSharp\SharpX.ShaderLab.CSharp.csproj", "{864EFBCA-88FD-439C-BE57-89EE3FEC4073}"
EndProject
Project("{9A19103F-16F7-4668-BE54-9A1E7A4F7556}") = "SharpX.ShaderLab", "ShaderLab\SharpX.ShaderLab\SharpX.ShaderLab.csproj", "{28124C38-6840-4AB0-BD7B-11BE8038C6D0}"
EndProject
Project("{9A19103F-16F7-4668-BE54-9A1E7A4F7556}") = "SharpX.ShaderLab.Example", "ShaderLab\SharpX.ShaderLab.Example\SharpX.ShaderLab.Example.csproj", "{BDD9F2DC-41D7-449F-B71C-009CC2616367}"
EndProject
Project("{9A19103F-16F7-4668-BE54-9A1E7A4F7556}") = "SharpX.Hlsl.Example", "Hlsl\SharpX.Hlsl.Example\SharpX.Hlsl.Example.csproj", "{A525444A-E266-4003-A537-993116A8AFAE}"
EndProject
Project("{9A19103F-16F7-4668-BE54-9A1E7A4F7556}") = "SharpX.ShaderLab.CSharp.Boolean", "ShaderLab\SharpX.ShaderLab.CSharp.Boolean\SharpX.ShaderLab.CSharp.Boolean.csproj", "{2EC7D03E-4AB3-4CB3-94A5-B7B8A9D47E8B}"
EndProject
Project("{9A19103F-16F7-4668-BE54-9A1E7A4F7556}") = "SharpX.Hlsl.CSharp.ObjectInitializer", "HLSL\SharpX.Hlsl.CSharp.ObjectInitializer\SharpX.Hlsl.CSharp.ObjectInitializer.csproj", "{1638803E-5381-4FC2-9A9B-56B7ACB2751E}"
EndProject
Project("{9A19103F-16F7-4668-BE54-9A1E7A4F7556}") = "SharpX.Hlsl.CSharp.Enum", "HLSL\SharpX.Hlsl.CSharp.Enum\SharpX.Hlsl.CSharp.Enum.csproj", "{2A296F70-29CA-442C-B994-2BFFCD484914}"
EndProject
Project("{9A19103F-16F7-4668-BE54-9A1E7A4F7556}") = "SharpX.Hlsl.Primitives", "HLSL\SharpX.Hlsl.Primitives\SharpX.Hlsl.Primitives.csproj", "{50136F87-E2C2-4533-8AEE-C24F11BBBEA6}"
EndProject
Project("{FAE04EC0-301F-11D3-BF4B-00C04F79EFBC}") = "SharpX.ShaderLab.CSharp.Enum", "ShaderLab\SharpX.ShaderLab.CSharp.Enum\SharpX.ShaderLab.CSharp.Enum.csproj", "{98382329-4D6F-4214-9121-C5E3BFBE7F74}"
EndProject
Global
	GlobalSection(SolutionConfigurationPlatforms) = preSolution
		Debug|Any CPU = Debug|Any CPU
		Release|Any CPU = Release|Any CPU
	EndGlobalSection
	GlobalSection(ProjectConfigurationPlatforms) = postSolution
		{0EC19721-29F5-4F28-876C-1536BD5EBB57}.Debug|Any CPU.ActiveCfg = Debug|Any CPU
		{0EC19721-29F5-4F28-876C-1536BD5EBB57}.Debug|Any CPU.Build.0 = Debug|Any CPU
		{0EC19721-29F5-4F28-876C-1536BD5EBB57}.Release|Any CPU.ActiveCfg = Release|Any CPU
		{0EC19721-29F5-4F28-876C-1536BD5EBB57}.Release|Any CPU.Build.0 = Release|Any CPU
		{0ED1A8A4-D118-4B9F-BF0E-C36B0560946B}.Debug|Any CPU.ActiveCfg = Debug|Any CPU
		{0ED1A8A4-D118-4B9F-BF0E-C36B0560946B}.Debug|Any CPU.Build.0 = Debug|Any CPU
		{0ED1A8A4-D118-4B9F-BF0E-C36B0560946B}.Release|Any CPU.ActiveCfg = Release|Any CPU
		{0ED1A8A4-D118-4B9F-BF0E-C36B0560946B}.Release|Any CPU.Build.0 = Release|Any CPU
		{F979EF91-74D2-4198-9347-555B5FF72F6B}.Debug|Any CPU.ActiveCfg = Debug|Any CPU
		{F979EF91-74D2-4198-9347-555B5FF72F6B}.Debug|Any CPU.Build.0 = Debug|Any CPU
		{F979EF91-74D2-4198-9347-555B5FF72F6B}.Release|Any CPU.ActiveCfg = Release|Any CPU
		{F979EF91-74D2-4198-9347-555B5FF72F6B}.Release|Any CPU.Build.0 = Release|Any CPU
		{AC094771-07CE-498F-936B-3B73335FA1C4}.Debug|Any CPU.ActiveCfg = Debug|Any CPU
		{AC094771-07CE-498F-936B-3B73335FA1C4}.Debug|Any CPU.Build.0 = Debug|Any CPU
		{AC094771-07CE-498F-936B-3B73335FA1C4}.Release|Any CPU.ActiveCfg = Release|Any CPU
		{AC094771-07CE-498F-936B-3B73335FA1C4}.Release|Any CPU.Build.0 = Release|Any CPU
		{95D4DF2A-5EA8-4C5A-B5D7-E74956989321}.Debug|Any CPU.ActiveCfg = Debug|Any CPU
		{95D4DF2A-5EA8-4C5A-B5D7-E74956989321}.Debug|Any CPU.Build.0 = Debug|Any CPU
		{95D4DF2A-5EA8-4C5A-B5D7-E74956989321}.Release|Any CPU.ActiveCfg = Release|Any CPU
		{95D4DF2A-5EA8-4C5A-B5D7-E74956989321}.Release|Any CPU.Build.0 = Release|Any CPU
		{5A495037-7786-4275-82DA-C63DFAB41C4D}.Debug|Any CPU.ActiveCfg = Debug|Any CPU
		{5A495037-7786-4275-82DA-C63DFAB41C4D}.Debug|Any CPU.Build.0 = Debug|Any CPU
		{5A495037-7786-4275-82DA-C63DFAB41C4D}.Release|Any CPU.ActiveCfg = Release|Any CPU
		{5A495037-7786-4275-82DA-C63DFAB41C4D}.Release|Any CPU.Build.0 = Release|Any CPU
		{812BE8B5-A734-44D9-B918-898CF78A2A89}.Debug|Any CPU.ActiveCfg = Debug|Any CPU
		{812BE8B5-A734-44D9-B918-898CF78A2A89}.Debug|Any CPU.Build.0 = Debug|Any CPU
		{812BE8B5-A734-44D9-B918-898CF78A2A89}.Release|Any CPU.ActiveCfg = Release|Any CPU
		{812BE8B5-A734-44D9-B918-898CF78A2A89}.Release|Any CPU.Build.0 = Release|Any CPU
		{F607D5ED-8186-4F54-92CD-2DACF744CFC9}.Debug|Any CPU.ActiveCfg = Debug|Any CPU
		{F607D5ED-8186-4F54-92CD-2DACF744CFC9}.Debug|Any CPU.Build.0 = Debug|Any CPU
		{F607D5ED-8186-4F54-92CD-2DACF744CFC9}.Release|Any CPU.ActiveCfg = Release|Any CPU
		{F607D5ED-8186-4F54-92CD-2DACF744CFC9}.Release|Any CPU.Build.0 = Release|Any CPU
		{864EFBCA-88FD-439C-BE57-89EE3FEC4073}.Debug|Any CPU.ActiveCfg = Debug|Any CPU
		{864EFBCA-88FD-439C-BE57-89EE3FEC4073}.Debug|Any CPU.Build.0 = Debug|Any CPU
		{864EFBCA-88FD-439C-BE57-89EE3FEC4073}.Release|Any CPU.ActiveCfg = Release|Any CPU
		{864EFBCA-88FD-439C-BE57-89EE3FEC4073}.Release|Any CPU.Build.0 = Release|Any CPU
		{28124C38-6840-4AB0-BD7B-11BE8038C6D0}.Debug|Any CPU.ActiveCfg = Debug|Any CPU
		{28124C38-6840-4AB0-BD7B-11BE8038C6D0}.Debug|Any CPU.Build.0 = Debug|Any CPU
		{28124C38-6840-4AB0-BD7B-11BE8038C6D0}.Release|Any CPU.ActiveCfg = Release|Any CPU
		{28124C38-6840-4AB0-BD7B-11BE8038C6D0}.Release|Any CPU.Build.0 = Release|Any CPU
		{BDD9F2DC-41D7-449F-B71C-009CC2616367}.Debug|Any CPU.ActiveCfg = Debug|Any CPU
		{BDD9F2DC-41D7-449F-B71C-009CC2616367}.Debug|Any CPU.Build.0 = Debug|Any CPU
		{BDD9F2DC-41D7-449F-B71C-009CC2616367}.Release|Any CPU.ActiveCfg = Release|Any CPU
		{BDD9F2DC-41D7-449F-B71C-009CC2616367}.Release|Any CPU.Build.0 = Release|Any CPU
		{A525444A-E266-4003-A537-993116A8AFAE}.Debug|Any CPU.ActiveCfg = Debug|Any CPU
		{A525444A-E266-4003-A537-993116A8AFAE}.Debug|Any CPU.Build.0 = Debug|Any CPU
		{A525444A-E266-4003-A537-993116A8AFAE}.Release|Any CPU.ActiveCfg = Release|Any CPU
		{A525444A-E266-4003-A537-993116A8AFAE}.Release|Any CPU.Build.0 = Release|Any CPU
		{2EC7D03E-4AB3-4CB3-94A5-B7B8A9D47E8B}.Debug|Any CPU.ActiveCfg = Debug|Any CPU
		{2EC7D03E-4AB3-4CB3-94A5-B7B8A9D47E8B}.Debug|Any CPU.Build.0 = Debug|Any CPU
		{2EC7D03E-4AB3-4CB3-94A5-B7B8A9D47E8B}.Release|Any CPU.ActiveCfg = Release|Any CPU
		{2EC7D03E-4AB3-4CB3-94A5-B7B8A9D47E8B}.Release|Any CPU.Build.0 = Release|Any CPU
		{1638803E-5381-4FC2-9A9B-56B7ACB2751E}.Debug|Any CPU.ActiveCfg = Debug|Any CPU
		{1638803E-5381-4FC2-9A9B-56B7ACB2751E}.Debug|Any CPU.Build.0 = Debug|Any CPU
		{1638803E-5381-4FC2-9A9B-56B7ACB2751E}.Release|Any CPU.ActiveCfg = Release|Any CPU
		{1638803E-5381-4FC2-9A9B-56B7ACB2751E}.Release|Any CPU.Build.0 = Release|Any CPU
		{2A296F70-29CA-442C-B994-2BFFCD484914}.Debug|Any CPU.ActiveCfg = Debug|Any CPU
		{2A296F70-29CA-442C-B994-2BFFCD484914}.Debug|Any CPU.Build.0 = Debug|Any CPU
		{2A296F70-29CA-442C-B994-2BFFCD484914}.Release|Any CPU.ActiveCfg = Release|Any CPU
		{2A296F70-29CA-442C-B994-2BFFCD484914}.Release|Any CPU.Build.0 = Release|Any CPU
		{50136F87-E2C2-4533-8AEE-C24F11BBBEA6}.Debug|Any CPU.ActiveCfg = Debug|Any CPU
		{50136F87-E2C2-4533-8AEE-C24F11BBBEA6}.Debug|Any CPU.Build.0 = Debug|Any CPU
		{50136F87-E2C2-4533-8AEE-C24F11BBBEA6}.Release|Any CPU.ActiveCfg = Release|Any CPU
		{50136F87-E2C2-4533-8AEE-C24F11BBBEA6}.Release|Any CPU.Build.0 = Release|Any CPU
		{98382329-4D6F-4214-9121-C5E3BFBE7F74}.Debug|Any CPU.ActiveCfg = Debug|Any CPU
		{98382329-4D6F-4214-9121-C5E3BFBE7F74}.Debug|Any CPU.Build.0 = Debug|Any CPU
		{98382329-4D6F-4214-9121-C5E3BFBE7F74}.Release|Any CPU.ActiveCfg = Release|Any CPU
		{98382329-4D6F-4214-9121-C5E3BFBE7F74}.Release|Any CPU.Build.0 = Release|Any CPU
	EndGlobalSection
	GlobalSection(SolutionProperties) = preSolution
		HideSolutionNode = FALSE
	EndGlobalSection
	GlobalSection(NestedProjects) = preSolution
		{10ADF049-11EE-4BCF-B386-2DFDD40C2DE2} = {FD3AE8CF-4A6E-4AFA-9D1C-2A3439ACE076}
		{0EC19721-29F5-4F28-876C-1536BD5EBB57} = {10ADF049-11EE-4BCF-B386-2DFDD40C2DE2}
		{068E62EC-32D6-40AA-9833-48B8856220F9} = {FD3AE8CF-4A6E-4AFA-9D1C-2A3439ACE076}
		{AC094771-07CE-498F-936B-3B73335FA1C4} = {068E62EC-32D6-40AA-9833-48B8856220F9}
		{5A495037-7786-4275-82DA-C63DFAB41C4D} = {068E62EC-32D6-40AA-9833-48B8856220F9}
		{F607D5ED-8186-4F54-92CD-2DACF744CFC9} = {068E62EC-32D6-40AA-9833-48B8856220F9}
		{864EFBCA-88FD-439C-BE57-89EE3FEC4073} = {10ADF049-11EE-4BCF-B386-2DFDD40C2DE2}
		{28124C38-6840-4AB0-BD7B-11BE8038C6D0} = {10ADF049-11EE-4BCF-B386-2DFDD40C2DE2}
		{BDD9F2DC-41D7-449F-B71C-009CC2616367} = {10ADF049-11EE-4BCF-B386-2DFDD40C2DE2}
		{A525444A-E266-4003-A537-993116A8AFAE} = {068E62EC-32D6-40AA-9833-48B8856220F9}
		{2EC7D03E-4AB3-4CB3-94A5-B7B8A9D47E8B} = {10ADF049-11EE-4BCF-B386-2DFDD40C2DE2}
		{1638803E-5381-4FC2-9A9B-56B7ACB2751E} = {068E62EC-32D6-40AA-9833-48B8856220F9}
		{2A296F70-29CA-442C-B994-2BFFCD484914} = {068E62EC-32D6-40AA-9833-48B8856220F9}
		{50136F87-E2C2-4533-8AEE-C24F11BBBEA6} = {068E62EC-32D6-40AA-9833-48B8856220F9}
		{98382329-4D6F-4214-9121-C5E3BFBE7F74} = {10ADF049-11EE-4BCF-B386-2DFDD40C2DE2}
	EndGlobalSection
	GlobalSection(ExtensibilityGlobals) = postSolution
		SolutionGuid = {A4947C43-2DC8-411A-9E52-69E6E5C334D8}
	EndGlobalSection
EndGlobal
